<?xml version="1.0" encoding="utf-8"?>
<Project ToolsVersion="4.0" xmlns="http://schemas.microsoft.com/developer/msbuild/2003">
  <ItemGroup>
    <Filter Include="Source Files">
      <UniqueIdentifier>{4FC737F1-C7A5-4376-A066-2A32D752A2FF}</UniqueIdentifier>
      <Extensions>cpp;c;cc;cxx;def;odl;idl;hpj;bat;asm;asmx</Extensions>
    </Filter>
    <Filter Include="Header Files">
      <UniqueIdentifier>{93995380-89BD-4b04-88EB-625FBE52EBFB}</UniqueIdentifier>
      <Extensions>h;hh;hpp;hxx;hm;inl;inc;ipp;xsd</Extensions>
    </Filter>
    <Filter Include="Shaders">
      <UniqueIdentifier>{9d4262c1-64b1-439a-9aeb-8c5f1139cc67}</UniqueIdentifier>
    </Filter>
    <Filter Include="ECS">
      <UniqueIdentifier>{5e7e2e28-65a2-4e76-badf-c790fd61f971}</UniqueIdentifier>
    </Filter>
    <Filter Include="thirdparty">
      <UniqueIdentifier>{f5436641-5aa3-421f-b830-c3ab5cee18f6}</UniqueIdentifier>
    </Filter>
    <Filter Include="thirdparty\imgui">
      <UniqueIdentifier>{4aa75c7e-7c34-4427-9b9b-a83224105a49}</UniqueIdentifier>
    </Filter>
    <Filter Include="Editor">
      <UniqueIdentifier>{55b85429-5ee8-409a-8e8e-1baa4af6500b}</UniqueIdentifier>
    </Filter>
    <Filter Include="Graphics">
      <UniqueIdentifier>{fcf97afe-2758-4f3f-ab1c-02baccfcd3ea}</UniqueIdentifier>
    </Filter>
    <Filter Include="Graphics\D3D">
      <UniqueIdentifier>{77cf20f4-6e8b-4b87-8f87-754dd22b5e49}</UniqueIdentifier>
    </Filter>
    <Filter Include="Graphics\Material System">
      <UniqueIdentifier>{d6f7dcae-3f35-45fa-93f1-70d6fa437e21}</UniqueIdentifier>
    </Filter>
  </ItemGroup>
  <ItemGroup>
    <ClCompile Include="thirdparty\imgui\imgui.cpp">
      <Filter>thirdparty\imgui</Filter>
    </ClCompile>
    <ClCompile Include="thirdparty\imgui\imgui_demo.cpp">
      <Filter>thirdparty\imgui</Filter>
    </ClCompile>
    <ClCompile Include="thirdparty\imgui\imgui_draw.cpp">
      <Filter>thirdparty\imgui</Filter>
    </ClCompile>
    <ClCompile Include="thirdparty\imgui\imgui_widgets.cpp">
      <Filter>thirdparty\imgui</Filter>
    </ClCompile>
    <ClCompile Include="thirdparty\imgui\imgui_impl_dx11.cpp">
      <Filter>thirdparty\imgui</Filter>
    </ClCompile>
    <ClCompile Include="thirdparty\imgui\imgui_impl_win32.cpp">
      <Filter>thirdparty\imgui</Filter>
    </ClCompile>
    <ClCompile Include="src\D3DBase.cpp">
      <Filter>Graphics\D3D</Filter>
    </ClCompile>
    <ClCompile Include="src\Editor.cpp">
      <Filter>Editor</Filter>
    </ClCompile>
    <ClCompile Include="src\EngineException.cpp">
      <Filter>Source Files</Filter>
    </ClCompile>
    <ClCompile Include="src\Input.cpp">
      <Filter>Source Files</Filter>
    </ClCompile>
    <ClCompile Include="src\Light.cpp">
      <Filter>ECS</Filter>
    </ClCompile>
    <ClCompile Include="src\Log.cpp">
      <Filter>Source Files</Filter>
    </ClCompile>
    <ClCompile Include="src\MainWindow.cpp">
      <Filter>Source Files</Filter>
    </ClCompile>
    <ClCompile Include="src\Renderer.cpp">
      <Filter>ECS</Filter>
    </ClCompile>
    <ClCompile Include="src\Scene.cpp">
      <Filter>Source Files</Filter>
    </ClCompile>
    <ClCompile Include="src\Shader.cpp">
      <Filter>Graphics\D3D</Filter>
    </ClCompile>
    <ClCompile Include="src\Texture.cpp">
      <Filter>Graphics\D3D</Filter>
    </ClCompile>
    <ClCompile Include="src\Transform.cpp">
      <Filter>ECS</Filter>
    </ClCompile>
    <ClCompile Include="src\WinMain.cpp">
      <Filter>Source Files</Filter>
    </ClCompile>
    <ClCompile Include="src\Resources.cpp">
      <Filter>Source Files</Filter>
    </ClCompile>
    <ClCompile Include="src\Entity.cpp">
      <Filter>Source Files</Filter>
    </ClCompile>
    <ClCompile Include="src\Graphics.cpp">
      <Filter>Graphics</Filter>
    </ClCompile>
    <ClCompile Include="src\Mesh.cpp">
      <Filter>Graphics</Filter>
    </ClCompile>
    <ClCompile Include="src\Model.cpp">
      <Filter>Graphics</Filter>
    </ClCompile>
    <ClCompile Include="src\Material.cpp">
      <Filter>Graphics\Material System</Filter>
    </ClCompile>
  </ItemGroup>
  <ItemGroup>
    <ClInclude Include="thirdparty\stb_image.h">
      <Filter>thirdparty</Filter>
    </ClInclude>
    <ClInclude Include="thirdparty\imgui\imconfig.h">
      <Filter>thirdparty\imgui</Filter>
    </ClInclude>
    <ClInclude Include="thirdparty\imgui\imgui.h">
      <Filter>thirdparty\imgui</Filter>
    </ClInclude>
    <ClInclude Include="thirdparty\imgui\imgui_internal.h">
      <Filter>thirdparty\imgui</Filter>
    </ClInclude>
    <ClInclude Include="thirdparty\imgui\imstb_rectpack.h">
      <Filter>thirdparty\imgui</Filter>
    </ClInclude>
    <ClInclude Include="thirdparty\imgui\imstb_textedit.h">
      <Filter>thirdparty\imgui</Filter>
    </ClInclude>
    <ClInclude Include="thirdparty\imgui\imstb_truetype.h">
      <Filter>thirdparty\imgui</Filter>
    </ClInclude>
    <ClInclude Include="thirdparty\imgui\imgui_impl_dx11.h">
      <Filter>thirdparty\imgui</Filter>
    </ClInclude>
    <ClInclude Include="thirdparty\imgui\imgui_impl_win32.h">
      <Filter>thirdparty\imgui</Filter>
    </ClInclude>
    <ClInclude Include="Scripts\IncludeScripts.h">
      <Filter>Header Files</Filter>
    </ClInclude>
    <ClInclude Include="src\Component.h">
      <Filter>ECS</Filter>
    </ClInclude>
    <ClInclude Include="src\ConstantBuffer.h">
      <Filter>Graphics\D3D</Filter>
    </ClInclude>
    <ClInclude Include="src\D3DBase.h">
      <Filter>Graphics\D3D</Filter>
    </ClInclude>
    <ClInclude Include="src\Editor.h">
      <Filter>Editor</Filter>
    </ClInclude>
    <ClInclude Include="src\EditorEntityWindow.h">
      <Filter>Editor</Filter>
    </ClInclude>
    <ClInclude Include="src\EditorSceneHierarchyWindow.h">
      <Filter>Editor</Filter>
    </ClInclude>
    <ClInclude Include="src\EditorWindowBase.h">
      <Filter>Editor</Filter>
    </ClInclude>
    <ClInclude Include="src\EngineAssert.h">
      <Filter>Header Files</Filter>
    </ClInclude>
    <ClInclude Include="src\EngineException.h">
      <Filter>Header Files</Filter>
    </ClInclude>
    <ClInclude Include="src\Entity.h">
      <Filter>ECS</Filter>
    </ClInclude>
    <ClInclude Include="src\IndexBuffer.h">
      <Filter>Graphics\D3D</Filter>
    </ClInclude>
    <ClInclude Include="src\Input.h">
      <Filter>Header Files</Filter>
    </ClInclude>
    <ClInclude Include="src\Light.h">
      <Filter>ECS</Filter>
    </ClInclude>
    <ClInclude Include="src\Log.h">
      <Filter>Header Files</Filter>
    </ClInclude>
    <ClInclude Include="src\MainWindow.h">
      <Filter>Header Files</Filter>
    </ClInclude>
    <ClInclude Include="src\Random.h">
      <Filter>Header Files</Filter>
    </ClInclude>
    <ClInclude Include="src\Renderer.h">
      <Filter>ECS</Filter>
    </ClInclude>
    <ClInclude Include="src\Scene.h">
      <Filter>Header Files</Filter>
    </ClInclude>
    <ClInclude Include="src\Shader.h">
      <Filter>Graphics\D3D</Filter>
    </ClInclude>
    <ClInclude Include="src\Texture.h">
      <Filter>Graphics\D3D</Filter>
    </ClInclude>
    <ClInclude Include="src\Time.h">
      <Filter>Header Files</Filter>
    </ClInclude>
    <ClInclude Include="src\Transform.h">
      <Filter>ECS</Filter>
    </ClInclude>
    <ClInclude Include="src\VertexBuffer.h">
      <Filter>Graphics\D3D</Filter>
    </ClInclude>
    <ClInclude Include="src\Win.h">
      <Filter>Header Files</Filter>
    </ClInclude>
    <ClInclude Include="src\Resources.h">
      <Filter>Header Files</Filter>
    </ClInclude>
    <ClInclude Include="src\ResourceBase.h">
      <Filter>Header Files</Filter>
    </ClInclude>
    <ClInclude Include="src\Zombie.h">
      <Filter>Header Files</Filter>
    </ClInclude>
    <ClInclude Include="src\Graphics.h">
      <Filter>Graphics</Filter>
    </ClInclude>
    <ClInclude Include="src\Model.h">
      <Filter>Graphics</Filter>
    </ClInclude>
    <ClInclude Include="src\Mesh.h">
      <Filter>Graphics</Filter>
    </ClInclude>
    <ClInclude Include="src\Material.h">
      <Filter>Graphics\Material System</Filter>
    </ClInclude>
    <ClInclude Include="src\EditorResourceSelectionWindow.h">
      <Filter>Editor</Filter>
    </ClInclude>
    <ClInclude Include="src\EditorMaterialEditWindow.h">
      <Filter>Header Files</Filter>
    </ClInclude>
  </ItemGroup>
  <ItemGroup>
    <FxCompile Include="src\Shaders\VS_Phong_D_S_N.hlsl">
      <Filter>Shaders</Filter>
    </FxCompile>
    <FxCompile Include="src\Shaders\PS_Phong_D_S_N.hlsl">
      <Filter>Shaders</Filter>
    </FxCompile>
    <FxCompile Include="src\Shaders\VS_Phong_D_S.hlsl">
      <Filter>Shaders</Filter>
    </FxCompile>
    <FxCompile Include="src\Shaders\VS_Phong.hlsl">
      <Filter>Shaders</Filter>
    </FxCompile>
    <FxCompile Include="src\Shaders\PS_Phong_S.hlsl">
      <Filter>Shaders</Filter>
    </FxCompile>
    <FxCompile Include="src\Shaders\PS_Phong_D_S.hlsl">
      <Filter>Shaders</Filter>
    </FxCompile>
    <FxCompile Include="src\Shaders\PS_Phong_D.hlsl">
      <Filter>Shaders</Filter>
    </FxCompile>
    <FxCompile Include="src\Shaders\PS_Phong.hlsl">
      <Filter>Shaders</Filter>
    </FxCompile>
  </ItemGroup>
  <ItemGroup>
    <None Include="thirdparty\assimp\Debug\assimp-vc142-mtd.dll" />
    <None Include="thirdparty\assimp\Release\assimp-vc142-mt.dll" />
    <None Include="src\Shaders\Light.hlsl" />
  </ItemGroup>
</Project>